
Microsoft Visual Studio Solution File, Format Version 12.00
# Visual Studio Version 16
VisualStudioVersion = 16.0.31313.79
MinimumVisualStudioVersion = 10.0.40219.1
Project("{FAE04EC0-301F-11D3-BF4B-00C04F79EFBC}") = "ASPNetIdentity", "ASPNetIdentity\ASPNetIdentity.csproj", "{BC1E44E3-8223-4BEF-8B07-E24E281BF1D7}"
EndProject
Global
	GlobalSection(SolutionConfigurationPlatforms) = preSolution
		Debug|Any CPU = Debug|Any CPU
		Release|Any CPU = Release|Any CPU
	EndGlobalSection
	GlobalSection(ProjectConfigurationPlatforms) = postSolution
		{BC1E44E3-8223-4BEF-8B07-E24E281BF1D7}.Debug|Any CPU.ActiveCfg = Debug|Any CPU
		{BC1E44E3-8223-4BEF-8B07-E24E281BF1D7}.Debug|Any CPU.Build.0 = Debug|Any CPU
		{BC1E44E3-8223-4BEF-8B07-E24E281BF1D7}.Release|Any CPU.ActiveCfg = Release|Any CPU
		{BC1E44E3-8223-4BEF-8B07-E24E281BF1D7}.Release|Any CPU.Build.0 = Release|Any CPU
	EndGlobalSection
	GlobalSection(SolutionProperties) = preSolution
		HideSolutionNode = FALSE
	EndGlobalSection
	GlobalSection(ExtensibilityGlobals) = postSolution
		SolutionGuid = {9408816F-E4A8-4CFD-9B4F-C2EEAC675055}
	EndGlobalSection
EndGlobal
